
Microsoft Visual Studio Solution File, Format Version 12.00
# Visual Studio 2013
VisualStudioVersion = 12.0.21005.1
MinimumVisualStudioVersion = 10.0.40219.1
Project("{FAE04EC0-301F-11D3-BF4B-00C04F79EFBC}") = "MergeExcel", "MergeExcel\MergeExcel.csproj", "{C6977F81-68DA-4738-880E-8531392A1267}"
EndProject
Project("{FAE04EC0-301F-11D3-BF4B-00C04F79EFBC}") = "MergeExcelGUI", "MergeExcelGUI\MergeExcelGUI.csproj", "{E2BEA7BC-1D0B-484D-B1A2-70F3DC5E9081}"
EndProject
Global
	GlobalSection(SolutionConfigurationPlatforms) = preSolution
		Debug|Any CPU = Debug|Any CPU
		Release|Any CPU = Release|Any CPU
	EndGlobalSection
	GlobalSection(ProjectConfigurationPlatforms) = postSolution
		{C6977F81-68DA-4738-880E-8531392A1267}.Debug|Any CPU.ActiveCfg = Debug|Any CPU
		{C6977F81-68DA-4738-880E-8531392A1267}.Debug|Any CPU.Build.0 = Debug|Any CPU
		{C6977F81-68DA-4738-880E-8531392A1267}.Release|Any CPU.ActiveCfg = Release|Any CPU
		{C6977F81-68DA-4738-880E-8531392A1267}.Release|Any CPU.Build.0 = Release|Any CPU
		{E2BEA7BC-1D0B-484D-B1A2-70F3DC5E9081}.Debug|Any CPU.ActiveCfg = Debug|Any CPU
		{E2BEA7BC-1D0B-484D-B1A2-70F3DC5E9081}.Debug|Any CPU.Build.0 = Debug|Any CPU
		{E2BEA7BC-1D0B-484D-B1A2-70F3DC5E9081}.Release|Any CPU.ActiveCfg = Release|Any CPU
		{E2BEA7BC-1D0B-484D-B1A2-70F3DC5E9081}.Release|Any CPU.Build.0 = Release|Any CPU
	EndGlobalSection
	GlobalSection(SolutionProperties) = preSolution
		HideSolutionNode = FALSE
	EndGlobalSection
	GlobalSection(ExtensibilityGlobals) = postSolution
		SolutionGuid = {F158000C-76BA-45DE-9FF5-E4A425873EE3}
	EndGlobalSection
EndGlobal
